
Microsoft Visual Studio Solution File, Format Version 12.00
# Visual Studio Version 17
VisualStudioVersion = 17.10.35027.167
MinimumVisualStudioVersion = 10.0.40219.1
Project("{FAE04EC0-301F-11D3-BF4B-00C04F79EFBC}") = "InternExample", "InternExample\InternExample.csproj", "{E57BAB5A-CD20-415E-A8A6-B4603627E66F}"
EndProject
Global
	GlobalSection(SolutionConfigurationPlatforms) = preSolution
		Debug|Any CPU = Debug|Any CPU
		Release|Any CPU = Release|Any CPU
	EndGlobalSection
	GlobalSection(ProjectConfigurationPlatforms) = postSolution
		{E57BAB5A-CD20-415E-A8A6-B4603627E66F}.Debug|Any CPU.ActiveCfg = Debug|Any CPU
		{E57BAB5A-CD20-415E-A8A6-B4603627E66F}.Debug|Any CPU.Build.0 = Debug|Any CPU
		{E57BAB5A-CD20-415E-A8A6-B4603627E66F}.Release|Any CPU.ActiveCfg = Release|Any CPU
		{E57BAB5A-CD20-415E-A8A6-B4603627E66F}.Release|Any CPU.Build.0 = Release|Any CPU
	EndGlobalSection
	GlobalSection(SolutionProperties) = preSolution
		HideSolutionNode = FALSE
	EndGlobalSection
	GlobalSection(ExtensibilityGlobals) = postSolution
		SolutionGuid = {113CF831-C7ED-459F-87C7-C1EE7E0A3FA0}
	EndGlobalSection
EndGlobal
